
Microsoft Visual Studio Solution File, Format Version 12.00
# Visual Studio Version 17
VisualStudioVersion = 17.7.34031.279
MinimumVisualStudioVersion = 10.0.40219.1
Project("{8BC9CEB8-8B4A-11D0-8D11-00A0C91BC942}") = "bevezeto_gyak", "jfr_gyak\jfr_gyak.vcxproj", "{FF6AB181-4513-4E9C-A492-EC421CBE9266}"
EndProject
Project("{8BC9CEB8-8B4A-11D0-8D11-00A0C91BC942}") = "gyak1_2", "gyak_1\gyak_1.vcxproj", "{B786BF8C-047A-4FF6-BF1E-0EA3224CEA8C}"
EndProject
Project("{8BC9CEB8-8B4A-11D0-8D11-00A0C91BC942}") = "gyak1_3", "gyak_1_2\gyak_1_2.vcxproj", "{2AFD507E-983E-4852-8DA8-C73999DABBF5}"
EndProject
Project("{8BC9CEB8-8B4A-11D0-8D11-00A0C91BC942}") = "template", "template\template.vcxproj", "{734F362D-8407-4CBB-AFD2-D8CB8060E649}"
EndProject
Project("{8BC9CEB8-8B4A-11D0-8D11-00A0C91BC942}") = "gyak1_4", "gyak1_4\gyak1_4.vcxproj", "{A33E3936-93F1-46E1-900E-ED44F42704C1}"
EndProject
Project("{8BC9CEB8-8B4A-11D0-8D11-00A0C91BC942}") = "gyak1_5", "gyak1_5\gyak1_5.vcxproj", "{9CEC35EF-C5CF-4725-92CB-09E5D61F3E99}"
EndProject
Global
	GlobalSection(SolutionConfigurationPlatforms) = preSolution
		Debug|x64 = Debug|x64
		Debug|x86 = Debug|x86
		Release|x64 = Release|x64
		Release|x86 = Release|x86
	EndGlobalSection
	GlobalSection(ProjectConfigurationPlatforms) = postSolution
		{FF6AB181-4513-4E9C-A492-EC421CBE9266}.Debug|x64.ActiveCfg = Debug|x64
		{FF6AB181-4513-4E9C-A492-EC421CBE9266}.Debug|x64.Build.0 = Debug|x64
		{FF6AB181-4513-4E9C-A492-EC421CBE9266}.Debug|x86.ActiveCfg = Debug|Win32
		{FF6AB181-4513-4E9C-A492-EC421CBE9266}.Debug|x86.Build.0 = Debug|Win32
		{FF6AB181-4513-4E9C-A492-EC421CBE9266}.Release|x64.ActiveCfg = Release|x64
		{FF6AB181-4513-4E9C-A492-EC421CBE9266}.Release|x64.Build.0 = Release|x64
		{FF6AB181-4513-4E9C-A492-EC421CBE9266}.Release|x86.ActiveCfg = Release|Win32
		{FF6AB181-4513-4E9C-A492-EC421CBE9266}.Release|x86.Build.0 = Release|Win32
		{B786BF8C-047A-4FF6-BF1E-0EA3224CEA8C}.Debug|x64.ActiveCfg = Debug|x64
		{B786BF8C-047A-4FF6-BF1E-0EA3224CEA8C}.Debug|x64.Build.0 = Debug|x64
		{B786BF8C-047A-4FF6-BF1E-0EA3224CEA8C}.Debug|x86.ActiveCfg = Debug|Win32
		{B786BF8C-047A-4FF6-BF1E-0EA3224CEA8C}.Debug|x86.Build.0 = Debug|Win32
		{B786BF8C-047A-4FF6-BF1E-0EA3224CEA8C}.Release|x64.ActiveCfg = Release|x64
		{B786BF8C-047A-4FF6-BF1E-0EA3224CEA8C}.Release|x64.Build.0 = Release|x64
		{B786BF8C-047A-4FF6-BF1E-0EA3224CEA8C}.Release|x86.ActiveCfg = Release|Win32
		{B786BF8C-047A-4FF6-BF1E-0EA3224CEA8C}.Release|x86.Build.0 = Release|Win32
		{2AFD507E-983E-4852-8DA8-C73999DABBF5}.Debug|x64.ActiveCfg = Debug|x64
		{2AFD507E-983E-4852-8DA8-C73999DABBF5}.Debug|x64.Build.0 = Debug|x64
		{2AFD507E-983E-4852-8DA8-C73999DABBF5}.Debug|x86.ActiveCfg = Debug|Win32
		{2AFD507E-983E-4852-8DA8-C73999DABBF5}.Debug|x86.Build.0 = Debug|Win32
		{2AFD507E-983E-4852-8DA8-C73999DABBF5}.Release|x64.ActiveCfg = Release|x64
		{2AFD507E-983E-4852-8DA8-C73999DABBF5}.Release|x64.Build.0 = Release|x64
		{2AFD507E-983E-4852-8DA8-C73999DABBF5}.Release|x86.ActiveCfg = Release|Win32
		{2AFD507E-983E-4852-8DA8-C73999DABBF5}.Release|x86.Build.0 = Release|Win32
		{734F362D-8407-4CBB-AFD2-D8CB8060E649}.Debug|x64.ActiveCfg = Debug|x64
		{734F362D-8407-4CBB-AFD2-D8CB8060E649}.Debug|x64.Build.0 = Debug|x64
		{734F362D-8407-4CBB-AFD2-D8CB8060E649}.Debug|x86.ActiveCfg = Debug|Win32
		{734F362D-8407-4CBB-AFD2-D8CB8060E649}.Debug|x86.Build.0 = Debug|Win32
		{734F362D-8407-4CBB-AFD2-D8CB8060E649}.Release|x64.ActiveCfg = Release|x64
		{734F362D-8407-4CBB-AFD2-D8CB8060E649}.Release|x64.Build.0 = Release|x64
		{734F362D-8407-4CBB-AFD2-D8CB8060E649}.Release|x86.ActiveCfg = Release|Win32
		{734F362D-8407-4CBB-AFD2-D8CB8060E649}.Release|x86.Build.0 = Release|Win32
		{A33E3936-93F1-46E1-900E-ED44F42704C1}.Debug|x64.ActiveCfg = Debug|x64
		{A33E3936-93F1-46E1-900E-ED44F42704C1}.Debug|x64.Build.0 = Debug|x64
		{A33E3936-93F1-46E1-900E-ED44F42704C1}.Debug|x86.ActiveCfg = Debug|Win32
		{A33E3936-93F1-46E1-900E-ED44F42704C1}.Debug|x86.Build.0 = Debug|Win32
		{A33E3936-93F1-46E1-900E-ED44F42704C1}.Release|x64.ActiveCfg = Release|x64
		{A33E3936-93F1-46E1-900E-ED44F42704C1}.Release|x64.Build.0 = Release|x64
		{A33E3936-93F1-46E1-900E-ED44F42704C1}.Release|x86.ActiveCfg = Release|Win32
		{A33E3936-93F1-46E1-900E-ED44F42704C1}.Release|x86.Build.0 = Release|Win32
		{9CEC35EF-C5CF-4725-92CB-09E5D61F3E99}.Debug|x64.ActiveCfg = Debug|x64
		{9CEC35EF-C5CF-4725-92CB-09E5D61F3E99}.Debug|x64.Build.0 = Debug|x64
		{9CEC35EF-C5CF-4725-92CB-09E5D61F3E99}.Debug|x86.ActiveCfg = Debug|Win32
		{9CEC35EF-C5CF-4725-92CB-09E5D61F3E99}.Debug|x86.Build.0 = Debug|Win32
		{9CEC35EF-C5CF-4725-92CB-09E5D61F3E99}.Release|x64.ActiveCfg = Release|x64
		{9CEC35EF-C5CF-4725-92CB-09E5D61F3E99}.Release|x64.Build.0 = Release|x64
		{9CEC35EF-C5CF-4725-92CB-09E5D61F3E99}.Release|x86.ActiveCfg = Release|Win32
		{9CEC35EF-C5CF-4725-92CB-09E5D61F3E99}.Release|x86.Build.0 = Release|Win32
	EndGlobalSection
	GlobalSection(SolutionProperties) = preSolution
		HideSolutionNode = FALSE
	EndGlobalSection
	GlobalSection(ExtensibilityGlobals) = postSolution
		SolutionGuid = {E5836331-9650-4C25-9D1D-E790602F1DBD}
	EndGlobalSection
EndGlobal
